
Microsoft Visual Studio Solution File, Format Version 12.00
# Visual Studio Version 17
VisualStudioVersion = 17.0.31919.166
MinimumVisualStudioVersion = 10.0.40219.1
Project("{9A19103F-16F7-4668-BE54-9A1E7A4F7556}") = "Pontoon", "Pontoon\Pontoon.csproj", "{9CE2839B-37C6-4003-AEB0-BF3EB71E96F0}"
EndProject
Project("{2150E333-8FDC-42A3-9474-1A3956D46DE8}") = "Solution Items", "Solution Items", "{75790289-7DBE-445F-A559-1370F0A80BC1}"
	ProjectSection(SolutionItems) = preProject
		.editorconfig = .editorconfig
	EndProjectSection
EndProject
Global
	GlobalSection(SolutionConfigurationPlatforms) = preSolution
		Debug|Any CPU = Debug|Any CPU
		Release|Any CPU = Release|Any CPU
	EndGlobalSection
	GlobalSection(ProjectConfigurationPlatforms) = postSolution
		{9CE2839B-37C6-4003-AEB0-BF3EB71E96F0}.Debug|Any CPU.ActiveCfg = Debug|Any CPU
		{9CE2839B-37C6-4003-AEB0-BF3EB71E96F0}.Debug|Any CPU.Build.0 = Debug|Any CPU
		{9CE2839B-37C6-4003-AEB0-BF3EB71E96F0}.Release|Any CPU.ActiveCfg = Release|Any CPU
		{9CE2839B-37C6-4003-AEB0-BF3EB71E96F0}.Release|Any CPU.Build.0 = Release|Any CPU
	EndGlobalSection
	GlobalSection(SolutionProperties) = preSolution
		HideSolutionNode = FALSE
	EndGlobalSection
	GlobalSection(ExtensibilityGlobals) = postSolution
		SolutionGuid = {E868A1BC-3ACF-4CEB-BC7E-8005DEB6170C}
	EndGlobalSection
EndGlobal
